
Microsoft Visual Studio Solution File, Format Version 12.00
# Visual Studio Version 17
VisualStudioVersion = 17.5.002.0
MinimumVisualStudioVersion = 10.0.40219.1
Project("{9A19103F-16F7-4668-BE54-9A1E7A4F7556}") = "SylogLearn", "SylogLearn.csproj", "{CE3524CB-1C45-4EF9-8FAC-7D6F24FE0BFE}"
EndProject
Global
	GlobalSection(SolutionConfigurationPlatforms) = preSolution
		Debug|Any CPU = Debug|Any CPU
		Release|Any CPU = Release|Any CPU
	EndGlobalSection
	GlobalSection(ProjectConfigurationPlatforms) = postSolution
		{CE3524CB-1C45-4EF9-8FAC-7D6F24FE0BFE}.Debug|Any CPU.ActiveCfg = Debug|Any CPU
		{CE3524CB-1C45-4EF9-8FAC-7D6F24FE0BFE}.Debug|Any CPU.Build.0 = Debug|Any CPU
		{CE3524CB-1C45-4EF9-8FAC-7D6F24FE0BFE}.Release|Any CPU.ActiveCfg = Release|Any CPU
		{CE3524CB-1C45-4EF9-8FAC-7D6F24FE0BFE}.Release|Any CPU.Build.0 = Release|Any CPU
	EndGlobalSection
	GlobalSection(SolutionProperties) = preSolution
		HideSolutionNode = FALSE
	EndGlobalSection
	GlobalSection(ExtensibilityGlobals) = postSolution
		SolutionGuid = {B896A370-9D00-4F64-A8BB-F95814E4747E}
	EndGlobalSection
EndGlobal
